
Microsoft Visual Studio Solution File, Format Version 12.00
# Visual Studio Version 17
VisualStudioVersion = 17.11.35327.3
MinimumVisualStudioVersion = 10.0.40219.1
Project("{8BC9CEB8-8B4A-11D0-8D11-00A0C91BC942}") = "service", "service.vcxproj", "{62C4386B-55C8-4375-BFB3-FE3573180391}"
EndProject
Global
	GlobalSection(SolutionConfigurationPlatforms) = preSolution
		Release|Win32 = Release|Win32
	EndGlobalSection
	GlobalSection(ProjectConfigurationPlatforms) = postSolution
		{62C4386B-55C8-4375-BFB3-FE3573180391}.Release|Win32.ActiveCfg = Release|Win32
		{62C4386B-55C8-4375-BFB3-FE3573180391}.Release|Win32.Build.0 = Release|Win32
	EndGlobalSection
	GlobalSection(SolutionProperties) = preSolution
		HideSolutionNode = FALSE
	EndGlobalSection
	GlobalSection(ExtensibilityGlobals) = postSolution
		SolutionGuid = {0B04D1AB-ED6F-4F86-813A-146B56D6E0D5}
	EndGlobalSection
EndGlobal
